
Microsoft Visual Studio Solution File, Format Version 12.00
Project("{FAE04EC0-301F-11D3-BF4B-00C04F79EFBC}") = "Osmo", "Osmo\Osmo.csproj", "{E06F9EFE-AE5C-4807-8362-C5AE93126B91}"
EndProject
Project("{FAE04EC0-301F-11D3-BF4B-00C04F79EFBC}") = "Osmo.Common", "Osmo.Common\Osmo.Common.csproj", "{E287F941-BACD-4F10-AA03-1B97BF6987FE}"
EndProject
Project("{FAE04EC0-301F-11D3-BF4B-00C04F79EFBC}") = "Osmo.ConneX", "Osmo.ConneX\Osmo.ConneX.csproj", "{75F8A0D4-0B9A-42A0-B65A-A421B7ACA9E4}"
EndProject
Project("{FAE04EC0-301F-11D3-BF4B-00C04F79EFBC}") = "Osmo.Database", "Osmo.Database\Osmo.Database.csproj", "{9758BB04-F7FB-43A7-87CE-AAF9DA23B527}"
EndProject
Global
	GlobalSection(SolutionConfigurationPlatforms) = preSolution
		Debug|Any CPU = Debug|Any CPU
		Release|Any CPU = Release|Any CPU
	EndGlobalSection
	GlobalSection(ProjectConfigurationPlatforms) = postSolution
		{E06F9EFE-AE5C-4807-8362-C5AE93126B91}.Debug|Any CPU.ActiveCfg = Debug|Any CPU
		{E06F9EFE-AE5C-4807-8362-C5AE93126B91}.Debug|Any CPU.Build.0 = Debug|Any CPU
		{E06F9EFE-AE5C-4807-8362-C5AE93126B91}.Release|Any CPU.ActiveCfg = Release|Any CPU
		{E06F9EFE-AE5C-4807-8362-C5AE93126B91}.Release|Any CPU.Build.0 = Release|Any CPU
		{E287F941-BACD-4F10-AA03-1B97BF6987FE}.Debug|Any CPU.ActiveCfg = Debug|Any CPU
		{E287F941-BACD-4F10-AA03-1B97BF6987FE}.Debug|Any CPU.Build.0 = Debug|Any CPU
		{E287F941-BACD-4F10-AA03-1B97BF6987FE}.Release|Any CPU.ActiveCfg = Release|Any CPU
		{E287F941-BACD-4F10-AA03-1B97BF6987FE}.Release|Any CPU.Build.0 = Release|Any CPU
		{75F8A0D4-0B9A-42A0-B65A-A421B7ACA9E4}.Debug|Any CPU.ActiveCfg = Debug|Any CPU
		{75F8A0D4-0B9A-42A0-B65A-A421B7ACA9E4}.Debug|Any CPU.Build.0 = Debug|Any CPU
		{75F8A0D4-0B9A-42A0-B65A-A421B7ACA9E4}.Release|Any CPU.ActiveCfg = Release|Any CPU
		{75F8A0D4-0B9A-42A0-B65A-A421B7ACA9E4}.Release|Any CPU.Build.0 = Release|Any CPU
		{9758BB04-F7FB-43A7-87CE-AAF9DA23B527}.Debug|Any CPU.ActiveCfg = Debug|Any CPU
		{9758BB04-F7FB-43A7-87CE-AAF9DA23B527}.Debug|Any CPU.Build.0 = Debug|Any CPU
		{9758BB04-F7FB-43A7-87CE-AAF9DA23B527}.Release|Any CPU.ActiveCfg = Release|Any CPU
		{9758BB04-F7FB-43A7-87CE-AAF9DA23B527}.Release|Any CPU.Build.0 = Release|Any CPU
	EndGlobalSection
EndGlobal
